
Microsoft Visual Studio Solution File, Format Version 12.00
# Visual Studio 15
VisualStudioVersion = 15.0.28307.539
MinimumVisualStudioVersion = 10.0.40219.1
Project("{FAE04EC0-301F-11D3-BF4B-00C04F79EFBC}") = "WebApplication2", "WebApplication2\WebApplication2.csproj", "{EC681187-0955-40C0-8533-52E58681D778}"
EndProject
Global
	GlobalSection(SolutionConfigurationPlatforms) = preSolution
		Debug|Any CPU = Debug|Any CPU
		Release|Any CPU = Release|Any CPU
	EndGlobalSection
	GlobalSection(ProjectConfigurationPlatforms) = postSolution
		{EC681187-0955-40C0-8533-52E58681D778}.Debug|Any CPU.ActiveCfg = Debug|Any CPU
		{EC681187-0955-40C0-8533-52E58681D778}.Debug|Any CPU.Build.0 = Debug|Any CPU
		{EC681187-0955-40C0-8533-52E58681D778}.Release|Any CPU.ActiveCfg = Release|Any CPU
		{EC681187-0955-40C0-8533-52E58681D778}.Release|Any CPU.Build.0 = Release|Any CPU
	EndGlobalSection
	GlobalSection(SolutionProperties) = preSolution
		HideSolutionNode = FALSE
	EndGlobalSection
	GlobalSection(ExtensibilityGlobals) = postSolution
		SolutionGuid = {54C02FCF-C00D-4B3A-9D12-42435385F334}
	EndGlobalSection
EndGlobal
